
Microsoft Visual Studio Solution File, Format Version 12.00
# Visual Studio Version 17
VisualStudioVersion = 17.10.34928.147
MinimumVisualStudioVersion = 10.0.40219.1
Project("{FAE04EC0-301F-11D3-BF4B-00C04F79EFBC}") = "UnitTestPractice", "UnitTestPractice\UnitTestPractice.csproj", "{48C4EBAA-F223-4F52-AAC3-A1F54CDF5269}"
EndProject
Project("{FAE04EC0-301F-11D3-BF4B-00C04F79EFBC}") = "NetworkUtility", "NetworkUtility\NetworkUtility.csproj", "{AB0EFEB4-29B8-4906-BDFD-2E3873DC9F6E}"
EndProject
Project("{FAE04EC0-301F-11D3-BF4B-00C04F79EFBC}") = "NetworkUtility.Tests", "NetworkUtility.Tests\NetworkUtility.Tests.csproj", "{2620307C-90D4-4B21-B426-230376DA71AF}"
EndProject
Global
	GlobalSection(SolutionConfigurationPlatforms) = preSolution
		Debug|Any CPU = Debug|Any CPU
		Release|Any CPU = Release|Any CPU
	EndGlobalSection
	GlobalSection(ProjectConfigurationPlatforms) = postSolution
		{48C4EBAA-F223-4F52-AAC3-A1F54CDF5269}.Debug|Any CPU.ActiveCfg = Debug|Any CPU
		{48C4EBAA-F223-4F52-AAC3-A1F54CDF5269}.Debug|Any CPU.Build.0 = Debug|Any CPU
		{48C4EBAA-F223-4F52-AAC3-A1F54CDF5269}.Release|Any CPU.ActiveCfg = Release|Any CPU
		{48C4EBAA-F223-4F52-AAC3-A1F54CDF5269}.Release|Any CPU.Build.0 = Release|Any CPU
		{AB0EFEB4-29B8-4906-BDFD-2E3873DC9F6E}.Debug|Any CPU.ActiveCfg = Debug|Any CPU
		{AB0EFEB4-29B8-4906-BDFD-2E3873DC9F6E}.Debug|Any CPU.Build.0 = Debug|Any CPU
		{AB0EFEB4-29B8-4906-BDFD-2E3873DC9F6E}.Release|Any CPU.ActiveCfg = Release|Any CPU
		{AB0EFEB4-29B8-4906-BDFD-2E3873DC9F6E}.Release|Any CPU.Build.0 = Release|Any CPU
		{2620307C-90D4-4B21-B426-230376DA71AF}.Debug|Any CPU.ActiveCfg = Debug|Any CPU
		{2620307C-90D4-4B21-B426-230376DA71AF}.Debug|Any CPU.Build.0 = Debug|Any CPU
		{2620307C-90D4-4B21-B426-230376DA71AF}.Release|Any CPU.ActiveCfg = Release|Any CPU
		{2620307C-90D4-4B21-B426-230376DA71AF}.Release|Any CPU.Build.0 = Release|Any CPU
	EndGlobalSection
	GlobalSection(SolutionProperties) = preSolution
		HideSolutionNode = FALSE
	EndGlobalSection
	GlobalSection(ExtensibilityGlobals) = postSolution
		SolutionGuid = {B9222347-922C-446A-A70E-8D86E9A6699E}
	EndGlobalSection
EndGlobal
